
Microsoft Visual Studio Solution File, Format Version 12.00
# Visual Studio Version 16
VisualStudioVersion = 16.0.29519.87
MinimumVisualStudioVersion = 10.0.40219.1
Project("{FAE04EC0-301F-11D3-BF4B-00C04F79EFBC}") = "BusinessLogic", "BusinessLogic\BusinessLogic.csproj", "{08D84689-1765-4CED-88A9-887C5D063A5E}"
EndProject
Project("{FAE04EC0-301F-11D3-BF4B-00C04F79EFBC}") = "CheckOutGUI", "CheckOutGUI\CheckOutGUI.csproj", "{8719FA59-E852-46FE-8EC2-ED8924331A69}"
EndProject
Project("{FAE04EC0-301F-11D3-BF4B-00C04F79EFBC}") = "DataAccess", "DataAccess\DataAccess.csproj", "{235728CD-EC18-4213-8634-0422200B3A36}"
EndProject
Project("{2150E333-8FDC-42A3-9474-1A3956D46DE8}") = "Solution Items", "Solution Items", "{C9B72B1B-A2FA-4682-B970-74ECA8C3E982}"
	ProjectSection(SolutionItems) = preProject
		ReadMe.md = ReadMe.md
		Settings.StyleCop = Settings.StyleCop
		SharedAssemblyInfo.cs = SharedAssemblyInfo.cs
	EndProjectSection
EndProject
Project("{2150E333-8FDC-42A3-9474-1A3956D46DE8}") = "1 - Presentation", "1 - Presentation", "{C983B786-6765-442F-8C8C-C85789D83DE7}"
EndProject
Project("{2150E333-8FDC-42A3-9474-1A3956D46DE8}") = "2 - Business", "2 - Business", "{A5A16C2F-B899-4B17-86DD-0767FD73F68B}"
EndProject
Project("{2150E333-8FDC-42A3-9474-1A3956D46DE8}") = "3 - Infrastructure", "3 - Infrastructure", "{266BE33E-1DEA-444A-87B7-ADFB2C4199C2}"
EndProject
Project("{FAE04EC0-301F-11D3-BF4B-00C04F79EFBC}") = "BusinessLogic.Tests", "BusinessLogic.Tests\BusinessLogic.Tests.csproj", "{ECBFFB75-ECA6-48B9-BF3C-11E5BBC6A3F2}"
EndProject
Project("{FAE04EC0-301F-11D3-BF4B-00C04F79EFBC}") = "CheckOutWeb", "CheckOutWeb\CheckOutWeb.csproj", "{13961A85-2431-4C21-A3D2-06D2EF5CA3F5}"
EndProject
Project("{FAE04EC0-301F-11D3-BF4B-00C04F79EFBC}") = "CheckOutWeb.Tests", "CheckOutWeb.Tests\CheckOutWeb.Tests.csproj", "{26C20E80-2683-4D90-B5C2-689137B35160}"
EndProject
Project("{FAE04EC0-301F-11D3-BF4B-00C04F79EFBC}") = "Contracts", "Contracts\Contracts.csproj", "{DFDFA55B-1346-43B1-9AD8-F8806BF8E8C0}"
EndProject
Global
	GlobalSection(SolutionConfigurationPlatforms) = preSolution
		Debug|Any CPU = Debug|Any CPU
		Release|Any CPU = Release|Any CPU
	EndGlobalSection
	GlobalSection(ProjectConfigurationPlatforms) = postSolution
		{08D84689-1765-4CED-88A9-887C5D063A5E}.Debug|Any CPU.ActiveCfg = Debug|Any CPU
		{08D84689-1765-4CED-88A9-887C5D063A5E}.Debug|Any CPU.Build.0 = Debug|Any CPU
		{08D84689-1765-4CED-88A9-887C5D063A5E}.Release|Any CPU.ActiveCfg = Release|Any CPU
		{08D84689-1765-4CED-88A9-887C5D063A5E}.Release|Any CPU.Build.0 = Release|Any CPU
		{8719FA59-E852-46FE-8EC2-ED8924331A69}.Debug|Any CPU.ActiveCfg = Debug|Any CPU
		{8719FA59-E852-46FE-8EC2-ED8924331A69}.Debug|Any CPU.Build.0 = Debug|Any CPU
		{8719FA59-E852-46FE-8EC2-ED8924331A69}.Release|Any CPU.ActiveCfg = Release|Any CPU
		{8719FA59-E852-46FE-8EC2-ED8924331A69}.Release|Any CPU.Build.0 = Release|Any CPU
		{235728CD-EC18-4213-8634-0422200B3A36}.Debug|Any CPU.ActiveCfg = Debug|Any CPU
		{235728CD-EC18-4213-8634-0422200B3A36}.Debug|Any CPU.Build.0 = Debug|Any CPU
		{235728CD-EC18-4213-8634-0422200B3A36}.Release|Any CPU.ActiveCfg = Release|Any CPU
		{235728CD-EC18-4213-8634-0422200B3A36}.Release|Any CPU.Build.0 = Release|Any CPU
		{ECBFFB75-ECA6-48B9-BF3C-11E5BBC6A3F2}.Debug|Any CPU.ActiveCfg = Debug|Any CPU
		{ECBFFB75-ECA6-48B9-BF3C-11E5BBC6A3F2}.Debug|Any CPU.Build.0 = Debug|Any CPU
		{ECBFFB75-ECA6-48B9-BF3C-11E5BBC6A3F2}.Release|Any CPU.ActiveCfg = Release|Any CPU
		{ECBFFB75-ECA6-48B9-BF3C-11E5BBC6A3F2}.Release|Any CPU.Build.0 = Release|Any CPU
		{13961A85-2431-4C21-A3D2-06D2EF5CA3F5}.Debug|Any CPU.ActiveCfg = Debug|Any CPU
		{13961A85-2431-4C21-A3D2-06D2EF5CA3F5}.Debug|Any CPU.Build.0 = Debug|Any CPU
		{13961A85-2431-4C21-A3D2-06D2EF5CA3F5}.Release|Any CPU.ActiveCfg = Release|Any CPU
		{13961A85-2431-4C21-A3D2-06D2EF5CA3F5}.Release|Any CPU.Build.0 = Release|Any CPU
		{26C20E80-2683-4D90-B5C2-689137B35160}.Debug|Any CPU.ActiveCfg = Debug|Any CPU
		{26C20E80-2683-4D90-B5C2-689137B35160}.Debug|Any CPU.Build.0 = Debug|Any CPU
		{26C20E80-2683-4D90-B5C2-689137B35160}.Release|Any CPU.ActiveCfg = Release|Any CPU
		{26C20E80-2683-4D90-B5C2-689137B35160}.Release|Any CPU.Build.0 = Release|Any CPU
		{DFDFA55B-1346-43B1-9AD8-F8806BF8E8C0}.Debug|Any CPU.ActiveCfg = Debug|Any CPU
		{DFDFA55B-1346-43B1-9AD8-F8806BF8E8C0}.Debug|Any CPU.Build.0 = Debug|Any CPU
		{DFDFA55B-1346-43B1-9AD8-F8806BF8E8C0}.Release|Any CPU.ActiveCfg = Release|Any CPU
		{DFDFA55B-1346-43B1-9AD8-F8806BF8E8C0}.Release|Any CPU.Build.0 = Release|Any CPU
	EndGlobalSection
	GlobalSection(SolutionProperties) = preSolution
		HideSolutionNode = FALSE
	EndGlobalSection
	GlobalSection(NestedProjects) = preSolution
		{08D84689-1765-4CED-88A9-887C5D063A5E} = {A5A16C2F-B899-4B17-86DD-0767FD73F68B}
		{8719FA59-E852-46FE-8EC2-ED8924331A69} = {C983B786-6765-442F-8C8C-C85789D83DE7}
		{235728CD-EC18-4213-8634-0422200B3A36} = {266BE33E-1DEA-444A-87B7-ADFB2C4199C2}
		{ECBFFB75-ECA6-48B9-BF3C-11E5BBC6A3F2} = {A5A16C2F-B899-4B17-86DD-0767FD73F68B}
		{13961A85-2431-4C21-A3D2-06D2EF5CA3F5} = {C983B786-6765-442F-8C8C-C85789D83DE7}
		{26C20E80-2683-4D90-B5C2-689137B35160} = {C983B786-6765-442F-8C8C-C85789D83DE7}
		{DFDFA55B-1346-43B1-9AD8-F8806BF8E8C0} = {C983B786-6765-442F-8C8C-C85789D83DE7}
	EndGlobalSection
	GlobalSection(ExtensibilityGlobals) = postSolution
		SolutionGuid = {EB8E6257-13E3-445D-A01F-0568E066E3F2}
	EndGlobalSection
EndGlobal
